
Microsoft Visual Studio Solution File, Format Version 12.00
# Visual Studio Version 17
VisualStudioVersion = 17.4.33110.190
MinimumVisualStudioVersion = 10.0.40219.1
Project("{2150E333-8FDC-42A3-9474-1A3956D46DE8}") = "FrontEnd", "FrontEnd", "{C6643E75-752F-4811-BC2C-9200434FA08D}"
EndProject
Project("{2150E333-8FDC-42A3-9474-1A3956D46DE8}") = "Services", "Services", "{5BEA8C70-1F8F-4448-8F63-4954546603D3}"
EndProject
Project("{FAE04EC0-301F-11D3-BF4B-00C04F79EFBC}") = "GeekShopping.Web", "GeekShopping.Web\GeekShopping.Web.csproj", "{E362B2E7-3DFC-4D5A-9AE2-CAA2436778C2}"
EndProject
Global
	GlobalSection(SolutionConfigurationPlatforms) = preSolution
		Debug|Any CPU = Debug|Any CPU
		Release|Any CPU = Release|Any CPU
	EndGlobalSection
	GlobalSection(ProjectConfigurationPlatforms) = postSolution
		{E362B2E7-3DFC-4D5A-9AE2-CAA2436778C2}.Debug|Any CPU.ActiveCfg = Debug|Any CPU
		{E362B2E7-3DFC-4D5A-9AE2-CAA2436778C2}.Debug|Any CPU.Build.0 = Debug|Any CPU
		{E362B2E7-3DFC-4D5A-9AE2-CAA2436778C2}.Release|Any CPU.ActiveCfg = Release|Any CPU
		{E362B2E7-3DFC-4D5A-9AE2-CAA2436778C2}.Release|Any CPU.Build.0 = Release|Any CPU
	EndGlobalSection
	GlobalSection(SolutionProperties) = preSolution
		HideSolutionNode = FALSE
	EndGlobalSection
	GlobalSection(NestedProjects) = preSolution
		{E362B2E7-3DFC-4D5A-9AE2-CAA2436778C2} = {C6643E75-752F-4811-BC2C-9200434FA08D}
	EndGlobalSection
	GlobalSection(ExtensibilityGlobals) = postSolution
		SolutionGuid = {96C946CE-9D6D-4704-94B1-0FDF144777AF}
	EndGlobalSection
EndGlobal
